// !$*UTF8*$!
{
	archiveVersion = 1;
	classes = {
	};
	objectVersion = 48;
	objects = {

/* Begin PBXBuildFile section */
		DEB99FD6202D92AF0042FD23 /* AppDelegate.m in Sources */ = {isa = PBXBuildFile; fileRef = DEB99FD5202D92AF0042FD23 /* AppDelegate.m */; };
		DEB99FD9202D92AF0042FD23 /* ViewController.m in Sources */ = {isa = PBXBuildFile; fileRef = DEB99FD8202D92AF0042FD23 /* ViewController.m */; };
		DEB99FDC202D92AF0042FD23 /* Main.storyboard in Resources */ = {isa = PBXBuildFile; fileRef = DEB99FDA202D92AF0042FD23 /* Main.storyboard */; };
		DEB99FDE202D92AF0042FD23 /* Assets.xcassets in Resources */ = {isa = PBXBuildFile; fileRef = DEB99FDD202D92AF0042FD23 /* Assets.xcassets */; };
		DEB99FE1202D92AF0042FD23 /* LaunchScreen.storyboard in Resources */ = {isa = PBXBuildFile; fileRef = DEB99FDF202D92AF0042FD23 /* LaunchScreen.storyboard */; };
		DEB99FE4202D92AF0042FD23 /* main.m in Sources */ = {isa = PBXBuildFile; fileRef = DEB99FE3202D92AF0042FD23 /* main.m */; };
		DEB99FEC202D93200042FD23 /* PSTagAlignView.m in Sources */ = {isa = PBXBuildFile; fileRef = DEB99FEB202D93200042FD23 /* PSTagAlignView.m */; };
		DEC823F8202FE3FD005C8BE8 /* PSTagItemLabel.m in Sources */ = {isa = PBXBuildFile; fileRef = DEC823F7202FE3FD005C8BE8 /* PSTagItemLabel.m */; };
/* End PBXBuildFile section */

/* Begin PBXFileReference section */
		DEB99FD1202D92AF0042FD23 /* PSTagAlignView.app */ = {isa = PBXFileReference; explicitFileType = wrapper.application; includeInIndex = 0; path = PSTagAlignView.app; sourceTree = BUILT_PRODUCTS_DIR; };
		DEB99FD4202D92AF0042FD23 /* AppDelegate.h */ = {isa = PBXFileReference; lastKnownFileType = sourcecode.c.h; path = AppDelegate.h; sourceTree = "<group>"; };
		DEB99FD5202D92AF0042FD23 /* AppDelegate.m */ = {isa = PBXFileReference; lastKnownFileType = sourcecode.c.objc; path = AppDelegate.m; sourceTree = "<group>"; };
		DEB99FD7202D92AF0042FD23 /* ViewController.h */ = {isa = PBXFileReference; lastKnownFileType = sourcecode.c.h; path = ViewController.h; sourceTree = "<group>"; };
		DEB99FD8202D92AF0042FD23 /* ViewController.m */ = {isa = PBXFileReference; lastKnownFileType = sourcecode.c.objc; path = ViewController.m; sourceTree = "<group>"; };
		DEB99FDB202D92AF0042FD23 /* Base */ = {isa = PBXFileReference; lastKnownFileType = file.storyboard; name = Base; path = Base.lproj/Main.storyboard; sourceTree = "<group>"; };
		DEB99FDD202D92AF0042FD23 /* Assets.xcassets */ = {isa = PBXFileReference; lastKnownFileType = folder.assetcatalog; path = Assets.xcassets; sourceTree = "<group>"; };
		DEB99FE0202D92AF0042FD23 /* Base */ = {isa = PBXFileReference; lastKnownFileType = file.storyboard; name = Base; path = Base.lproj/LaunchScreen.storyboard; sourceTree = "<group>"; };
		DEB99FE2202D92AF0042FD23 /* Info.plist */ = {isa = PBXFileReference; lastKnownFileType = text.plist.xml; path = Info.plist; sourceTree = "<group>"; };
		DEB99FE3202D92AF0042FD23 /* main.m */ = {isa = PBXFileReference; lastKnownFileType = sourcecode.c.objc; path = main.m; sourceTree = "<group>"; };
		DEB99FEA202D93200042FD23 /* PSTagAlignView.h */ = {isa = PBXFileReference; lastKnownFileType = sourcecode.c.h; path = PSTagAlignView.h; sourceTree = "<group>"; };
		DEB99FEB202D93200042FD23 /* PSTagAlignView.m */ = {isa = PBXFileReference; lastKnownFileType = sourcecode.c.objc; path = PSTagAlignView.m; sourceTree = "<group>"; };
		DEC823F6202FE3FD005C8BE8 /* PSTagItemLabel.h */ = {isa = PBXFileReference; lastKnownFileType = sourcecode.c.h; path = PSTagItemLabel.h; sourceTree = "<group>"; };
		DEC823F7202FE3FD005C8BE8 /* PSTagItemLabel.m */ = {isa = PBXFileReference; lastKnownFileType = sourcecode.c.objc; path = PSTagItemLabel.m; sourceTree = "<group>"; };
/* End PBXFileReference section */

/* Begin PBXFrameworksBuildPhase section */
		DEB99FCE202D92AF0042FD23 /* Frameworks */ = {
			isa = PBXFrameworksBuildPhase;
			buildActionMask = 2147483647;
			files = (
			);
			runOnlyForDeploymentPostprocessing = 0;
		};
/* End PBXFrameworksBuildPhase section */

/* Begin PBXGroup section */
		DEB99FC8202D92AF0042FD23 = {
			isa = PBXGroup;
			children = (
				DEB99FD3202D92AF0042FD23 /* PSTagAlignView */,
				DEB99FD2202D92AF0042FD23 /* Products */,
			);
			sourceTree = "<group>";
		};
		DEB99FD2202D92AF0042FD23 /* Products */ = {
			isa = PBXGroup;
			children = (
				DEB99FD1202D92AF0042FD23 /* PSTagAlignView.app */,
			);
			name = Products;
			sourceTree = "<group>";
		};
		DEB99FD3202D92AF0042FD23 /* PSTagAlignView */ = {
			isa = PBXGroup;
			children = (
				DEB99FD4202D92AF0042FD23 /* AppDelegate.h */,
				DEB99FD5202D92AF0042FD23 /* AppDelegate.m */,
				DEB99FD7202D92AF0042FD23 /* ViewController.h */,
				DEB99FD8202D92AF0042FD23 /* ViewController.m */,
				DEB99FEA202D93200042FD23 /* PSTagAlignView.h */,
				DEB99FEB202D93200042FD23 /* PSTagAlignView.m */,
				DEC823F6202FE3FD005C8BE8 /* PSTagItemLabel.h */,
				DEC823F7202FE3FD005C8BE8 /* PSTagItemLabel.m */,
				DEB99FDA202D92AF0042FD23 /* Main.storyboard */,
				DEB99FDD202D92AF0042FD23 /* Assets.xcassets */,
				DEB99FDF202D92AF0042FD23 /* LaunchScreen.storyboard */,
				DEB99FE2202D92AF0042FD23 /* Info.plist */,
				DEB99FE3202D92AF0042FD23 /* main.m */,
			);
			path = PSTagAlignView;
			sourceTree = "<group>";
		};
/* End PBXGroup section */

/* Begin PBXNativeTarget section */
		DEB99FD0202D92AF0042FD23 /* PSTagAlignView */ = {
			isa = PBXNativeTarget;
			buildConfigurationList = DEB99FE7202D92AF0042FD23 /* Build configuration list for PBXNativeTarget "PSTagAlignView" */;
			buildPhases = (
				DEB99FCD202D92AF0042FD23 /* Sources */,
				DEB99FCE202D92AF0042FD23 /* Frameworks */,
				DEB99FCF202D92AF0042FD23 /* Resources */,
			);
			buildRules = (
			);
			dependencies = (
			);
			name = PSTagAlignView;
			productName = PSTagAlignView;
			productReference = DEB99FD1202D92AF0042FD23 /* PSTagAlignView.app */;
			productType = "com.apple.product-type.application";
		};
/* End PBXNativeTarget section */

/* Begin PBXProject section */
		DEB99FC9202D92AF0042FD23 /* Project object */ = {
			isa = PBXProject;
			attributes = {
				LastUpgradeCheck = 0920;
				ORGANIZATIONNAME = pengshuai;
				TargetAttributes = {
					DEB99FD0202D92AF0042FD23 = {
						CreatedOnToolsVersion = 9.2;
						ProvisioningStyle = Automatic;
					};
				};
			};
			buildConfigurationList = DEB99FCC202D92AF0042FD23 /* Build configuration list for PBXProject "PSTagAlignView" */;
			compatibilityVersion = "Xcode 8.0";
			developmentRegion = en;
			hasScannedForEncodings = 0;
			knownRegions = (
				en,
				Base,
			);
			mainGroup = DEB99FC8202D92AF0042FD23;
			productRefGroup = DEB99FD2202D92AF0042FD23 /* Products */;
			projectDirPath = "";
			projectRoot = "";
			targets = (
				DEB99FD0202D92AF0042FD23 /* PSTagAlignView */,
			);
		};
/* End PBXProject section */

/* Begin PBXResourcesBuildPhase section */
		DEB99FCF202D92AF0042FD23 /* Resources */ = {
			isa = PBXResourcesBuildPhase;
			buildActionMask = 2147483647;
			files = (
				DEB99FE1202D92AF0042FD23 /* LaunchScreen.storyboard in Resources */,
				DEB99FDE202D92AF0042FD23 /* Assets.xcassets in Resources */,
				DEB99FDC202D92AF0042FD23 /* Main.storyboard in Resources */,
			);
			runOnlyForDeploymentPostprocessing = 0;
		};
/* End PBXResourcesBuildPhase section */

/* Begin PBXSourcesBuildPhase section */
		DEB99FCD202D92AF0042FD23 /* Sources */ = {
			isa = PBXSourcesBuildPhase;
			buildActionMask = 2147483647;
			files = (
				DEB99FEC202D93200042FD23 /* PSTagAlignView.m in Sources */,
				DEB99FD9202D92AF0042FD23 /* ViewController.m in Sources */,
				DEB99FE4202D92AF0042FD23 /* main.m in Sources */,
				DEC823F8202FE3FD005C8BE8 /* PSTagItemLabel.m in Sources */,
				DEB99FD6202D92AF0042FD23 /* AppDelegate.m in Sources */,
			);
			runOnlyForDeploymentPostprocessing = 0;
		};
/* End PBXSourcesBuildPhase section */

/* Begin PBXVariantGroup section */
		DEB99FDA202D92AF0042FD23 /* Main.storyboard */ = {
			isa = PBXVariantGroup;
			children = (
				DEB99FDB202D92AF0042FD23 /* Base */,
			);
			name = Main.storyboard;
			sourceTree = "<group>";
		};
		DEB99FDF202D92AF0042FD23 /* LaunchScreen.storyboard */ = {
			isa = PBXVariantGroup;
			children = (
				DEB99FE0202D92AF0042FD23 /* Base */,
			);
			name = LaunchScreen.storyboard;
			sourceTree = "<group>";
		};
/* End PBXVariantGroup section */

/* Begin XCBuildConfiguration section */
		DEB99FE5202D92AF0042FD23 /* Debug */ = {
			isa = XCBuildConfiguration;
			buildSettings = {
				ALWAYS_SEARCH_USER_PATHS = NO;
				CLANG_ANALYZER_NONNULL = YES;
				CLANG_ANALYZER_NUMBER_OBJECT_CONVERSION = YES_AGGRESSIVE;
				CLANG_CXX_LANGUAGE_STANDARD = "gnu++14";
				CLANG_CXX_LIBRARY = "libc++";
				CLANG_ENABLE_MODULES = YES;
				CLANG_ENABLE_OBJC_ARC = YES;
				CLANG_WARN_BLOCK_CAPTURE_AUTORELEASING = YES;
				CLANG_WARN_BOOL_CONVERSION = YES;
				CLANG_WARN_COMMA = YES;
				CLANG_WARN_CONSTANT_CONVERSION = YES;
				CLANG_WARN_DIRECT_OBJC_ISA_USAGE = YES_ERROR;
				CLANG_WARN_DOCUMENTATION_COMMENTS = YES;
				CLANG_WARN_EMPTY_BODY = YES;
				CLANG_WARN_ENUM_CONVERSION = YES;
				CLANG_WARN_INFINITE_RECURSION = YES;
				CLANG_WARN_INT_CONVERSION = YES;
				CLANG_WARN_NON_LITERAL_NULL_CONVERSION = YES;
				CLANG_WARN_OBJC_LITERAL_CONVERSION = YES;
				CLANG_WARN_OBJC_ROOT_CLASS = YES_ERROR;
				CLANG_WARN_RANGE_LOOP_ANALYSIS = YES;
				CLANG_WARN_STRICT_PROTOTYPES = YES;
				CLANG_WARN_SUSPICIOUS_MOVE = YES;
				CLANG_WARN_UNGUARDED_AVAILABILITY = YES_AGGRESSIVE;
				CLANG_WARN_UNREACHABLE_CODE = YES;
				CLANG_WARN__DUPLICATE_METHOD_MATCH = YES;
				CODE_SIGN_IDENTITY = "iPhone Developer";
				COPY_PHASE_STRIP = NO;
				DEBUG_INFORMATION_FORMAT = dwarf;
				ENABLE_STRICT_OBJC_MSGSEND = YES;
				ENABLE_TESTABILITY = YES;
				GCC_C_LANGUAGE_STANDARD = gnu11;
				GCC_DYNAMIC_NO_PIC = NO;
				GCC_NO_COMMON_BLOCKS = YES;
				GCC_OPTIMIZATION_LEVEL = 0;
				GCC_PREPROCESSOR_DEFINITIONS = (
					"DEBUG=1",
					"$(inherited)",
				);
				GCC_WARN_64_TO_32_BIT_CONVERSION = YES;
				GCC_WARN_ABOUT_RETURN_TYPE = YES_ERROR;
				GCC_WARN_UNDECLARED_SELECTOR = YES;
				GCC_WARN_UNINITIALIZED_AUTOS = YES_AGGRESSIVE;
				GCC_WARN_UNUSED_FUNCTION = YES;
				GCC_WARN_UNUSED_VARIABLE = YES;
				IPHONEOS_DEPLOYMENT_TARGET = 11.2;
				MTL_ENABLE_DEBUG_INFO = YES;
				ONLY_ACTIVE_ARCH = YES;
				SDKROOT = iphoneos;
			};
			name = Debug;
		};
		DEB99FE6202D92AF0042FD23 /* Release */ = {
			isa = XCBuildConfiguration;
			buildSettings = {
				ALWAYS_SEARCH_USER_PATHS = NO;
				CLANG_ANALYZER_NONNULL = YES;
				CLANG_ANALYZER_NUMBER_OBJECT_CONVERSION = YES_AGGRESSIVE;
				CLANG_CXX_LANGUAGE_STANDARD = "gnu++14";
				CLANG_CXX_LIBRARY = "libc++";
				CLANG_ENABLE_MODULES = YES;
				CLANG_ENABLE_OBJC_ARC = YES;
				CLANG_WARN_BLOCK_CAPTURE_AUTORELEASING = YES;
				CLANG_WARN_BOOL_CONVERSION = YES;
				CLANG_WARN_COMMA = YES;
				CLANG_WARN_CONSTANT_CONVERSION = YES;
				CLANG_WARN_DIRECT_OBJC_ISA_USAGE = YES_ERROR;
				CLANG_WARN_DOCUMENTATION_COMMENTS = YES;
				CLANG_WARN_EMPTY_BODY = YES;
				CLANG_WARN_ENUM_CONVERSION = YES;
				CLANG_WARN_INFINITE_RECURSION = YES;
				CLANG_WARN_INT_CONVERSION = YES;
				CLANG_WARN_NON_LITERAL_NULL_CONVERSION = YES;
				CLANG_WARN_OBJC_LITERAL_CONVERSION = YES;
				CLANG_WARN_OBJC_ROOT_CLASS = YES_ERROR;
				CLANG_WARN_RANGE_LOOP_ANALYSIS = YES;
				CLANG_WARN_STRICT_PROTOTYPES = YES;
				CLANG_WARN_SUSPICIOUS_MOVE = YES;
				CLANG_WARN_UNGUARDED_AVAILABILITY = YES_AGGRESSIVE;
				CLANG_WARN_UNREACHABLE_CODE = YES;
				CLANG_WARN__DUPLICATE_METHOD_MATCH = YES;
				CODE_SIGN_IDENTITY = "iPhone Developer";
				COPY_PHASE_STRIP = NO;
				DEBUG_INFORMATION_FORMAT = "dwarf-with-dsym";
				ENABLE_NS_ASSERTIONS = NO;
				ENABLE_STRICT_OBJC_MSGSEND = YES;
				GCC_C_LANGUAGE_STANDARD = gnu11;
				GCC_NO_COMMON_BLOCKS = YES;
				GCC_WARN_64_TO_32_BIT_CONVERSION = YES;
				GCC_WARN_ABOUT_RETURN_TYPE = YES_ERROR;
				GCC_WARN_UNDECLARED_SELECTOR = YES;
				GCC_WARN_UNINITIALIZED_AUTOS = YES_AGGRESSIVE;
				GCC_WARN_UNUSED_FUNCTION = YES;
				GCC_WARN_UNUSED_VARIABLE = YES;
				IPHONEOS_DEPLOYMENT_TARGET = 11.2;
				MTL_ENABLE_DEBUG_INFO = NO;
				SDKROOT = iphoneos;
				VALIDATE_PRODUCT = YES;
			};
			name = Release;
		};
		DEB99FE8202D92AF0042FD23 /* Debug */ = {
			isa = XCBuildConfiguration;
			buildSettings = {
				ASSETCATALOG_COMPILER_APPICON_NAME = AppIcon;
				CODE_SIGN_STYLE = Automatic;
				DEVELOPMENT_TEAM = DRGD7PB4MR;
				INFOPLIST_FILE = PSTagAlignView/Info.plist;
				IPHONEOS_DEPLOYMENT_TARGET = 8.0;
				LD_RUNPATH_SEARCH_PATHS = "$(inherited) @executable_path/Frameworks";
				PRODUCT_BUNDLE_IDENTIFIER = com.bestgavin.PSTagAlignView;
				PRODUCT_NAME = "$(TARGET_NAME)";
				TARGETED_DEVICE_FAMILY = "1,2";
			};
			name = Debug;
		};
		DEB99FE9202D92AF0042FD23 /* Release */ = {
			isa = XCBuildConfiguration;
			buildSettings = {
				ASSETCATALOG_COMPILER_APPICON_NAME = AppIcon;
				CODE_SIGN_STYLE = Automatic;
				DEVELOPMENT_TEAM = DRGD7PB4MR;
				INFOPLIST_FILE = PSTagAlignView/Info.plist;
				IPHONEOS_DEPLOYMENT_TARGET = 8.0;
				LD_RUNPATH_SEARCH_PATHS = "$(inherited) @executable_path/Frameworks";
				PRODUCT_BUNDLE_IDENTIFIER = com.bestgavin.PSTagAlignView;
				PRODUCT_NAME = "$(TARGET_NAME)";
				TARGETED_DEVICE_FAMILY = "1,2";
			};
			name = Release;
		};
/* End XCBuildConfiguration section */

/* Begin XCConfigurationList section */
		DEB99FCC202D92AF0042FD23 /* Build configuration list for PBXProject "PSTagAlignView" */ = {
			isa = XCConfigurationList;
			buildConfigurations = (
				DEB99FE5202D92AF0042FD23 /* Debug */,
				DEB99FE6202D92AF0042FD23 /* Release */,
			);
			defaultConfigurationIsVisible = 0;
			defaultConfigurationName = Release;
		};
		DEB99FE7202D92AF0042FD23 /* Build configuration list for PBXNativeTarget "PSTagAlignView" */ = {
			isa = XCConfigurationList;
			buildConfigurations = (
				DEB99FE8202D92AF0042FD23 /* Debug */,
				DEB99FE9202D92AF0042FD23 /* Release */,
			);
			defaultConfigurationIsVisible = 0;
			defaultConfigurationName = Release;
		};
/* End XCConfigurationList section */
	};
	rootObject = DEB99FC9202D92AF0042FD23 /* Project object */;
}
